
Microsoft Visual Studio Solution File, Format Version 12.00
# Visual Studio Version 16
VisualStudioVersion = 16.0.30907.101
MinimumVisualStudioVersion = 10.0.40219.1
Project("{2150E333-8FDC-42A3-9474-1A3956D46DE8}") = "Libraries", "Libraries", "{06AEB276-6B8F-428D-8593-09CBF3D51142}"
EndProject
Project("{2150E333-8FDC-42A3-9474-1A3956D46DE8}") = "Presentation", "Presentation", "{523089B0-C571-46DF-AA75-B249659612C3}"
EndProject
Project("{2150E333-8FDC-42A3-9474-1A3956D46DE8}") = "Tests", "Tests", "{1AE40929-D960-4C83-913C-C6F49F59F893}"
EndProject
Project("{9A19103F-16F7-4668-BE54-9A1E7A4F7556}") = "MarsRover.Core", "MarsRover.Core\MarsRover.Core.csproj", "{9FA98D9B-721C-499C-8271-82ABAEC1242A}"
EndProject
Project("{9A19103F-16F7-4668-BE54-9A1E7A4F7556}") = "MarsRover.App", "MarsRover.App\MarsRover.App.csproj", "{E160247C-74B4-490C-A2B3-EA3BCE20BF8A}"
EndProject
Project("{9A19103F-16F7-4668-BE54-9A1E7A4F7556}") = "MarsRover.Services", "MarsRover.Services\MarsRover.Services.csproj", "{37AF9C33-CB6E-40C2-A3AC-86A5880B463D}"
EndProject
Project("{FAE04EC0-301F-11D3-BF4B-00C04F79EFBC}") = "MarsRover.Tests", "Engine.Tests\MarsRover.Tests.csproj", "{FB82899A-4BFA-4C7F-B55C-A1BACE391538}"
EndProject
Global
	GlobalSection(SolutionConfigurationPlatforms) = preSolution
		Debug|Any CPU = Debug|Any CPU
		Release|Any CPU = Release|Any CPU
	EndGlobalSection
	GlobalSection(ProjectConfigurationPlatforms) = postSolution
		{9FA98D9B-721C-499C-8271-82ABAEC1242A}.Debug|Any CPU.ActiveCfg = Debug|Any CPU
		{9FA98D9B-721C-499C-8271-82ABAEC1242A}.Debug|Any CPU.Build.0 = Debug|Any CPU
		{9FA98D9B-721C-499C-8271-82ABAEC1242A}.Release|Any CPU.ActiveCfg = Release|Any CPU
		{9FA98D9B-721C-499C-8271-82ABAEC1242A}.Release|Any CPU.Build.0 = Release|Any CPU
		{E160247C-74B4-490C-A2B3-EA3BCE20BF8A}.Debug|Any CPU.ActiveCfg = Debug|Any CPU
		{E160247C-74B4-490C-A2B3-EA3BCE20BF8A}.Debug|Any CPU.Build.0 = Debug|Any CPU
		{E160247C-74B4-490C-A2B3-EA3BCE20BF8A}.Release|Any CPU.ActiveCfg = Release|Any CPU
		{E160247C-74B4-490C-A2B3-EA3BCE20BF8A}.Release|Any CPU.Build.0 = Release|Any CPU
		{37AF9C33-CB6E-40C2-A3AC-86A5880B463D}.Debug|Any CPU.ActiveCfg = Debug|Any CPU
		{37AF9C33-CB6E-40C2-A3AC-86A5880B463D}.Debug|Any CPU.Build.0 = Debug|Any CPU
		{37AF9C33-CB6E-40C2-A3AC-86A5880B463D}.Release|Any CPU.ActiveCfg = Release|Any CPU
		{37AF9C33-CB6E-40C2-A3AC-86A5880B463D}.Release|Any CPU.Build.0 = Release|Any CPU
		{FB82899A-4BFA-4C7F-B55C-A1BACE391538}.Debug|Any CPU.ActiveCfg = Debug|Any CPU
		{FB82899A-4BFA-4C7F-B55C-A1BACE391538}.Debug|Any CPU.Build.0 = Debug|Any CPU
		{FB82899A-4BFA-4C7F-B55C-A1BACE391538}.Release|Any CPU.ActiveCfg = Release|Any CPU
		{FB82899A-4BFA-4C7F-B55C-A1BACE391538}.Release|Any CPU.Build.0 = Release|Any CPU
	EndGlobalSection
	GlobalSection(SolutionProperties) = preSolution
		HideSolutionNode = FALSE
	EndGlobalSection
	GlobalSection(NestedProjects) = preSolution
		{9FA98D9B-721C-499C-8271-82ABAEC1242A} = {06AEB276-6B8F-428D-8593-09CBF3D51142}
		{E160247C-74B4-490C-A2B3-EA3BCE20BF8A} = {523089B0-C571-46DF-AA75-B249659612C3}
		{37AF9C33-CB6E-40C2-A3AC-86A5880B463D} = {06AEB276-6B8F-428D-8593-09CBF3D51142}
		{FB82899A-4BFA-4C7F-B55C-A1BACE391538} = {1AE40929-D960-4C83-913C-C6F49F59F893}
	EndGlobalSection
	GlobalSection(ExtensibilityGlobals) = postSolution
		SolutionGuid = {B8111B36-51EB-4E89-8B37-65EB49CD8A22}
	EndGlobalSection
EndGlobal
